
Microsoft Visual Studio Solution File, Format Version 12.00
# Visual Studio Version 16
VisualStudioVersion = 16.0.30804.86
MinimumVisualStudioVersion = 10.0.40219.1
Project("{FAE04EC0-301F-11D3-BF4B-00C04F79EFBC}") = "SolarEnergy", "SolarEnergy\SolarEnergy.csproj", "{D8B7F2FF-C70D-4320-BDFE-1C6E58B54456}"
EndProject
Global
	GlobalSection(SolutionConfigurationPlatforms) = preSolution
		Debug|Any CPU = Debug|Any CPU
		Release|Any CPU = Release|Any CPU
	EndGlobalSection
	GlobalSection(ProjectConfigurationPlatforms) = postSolution
		{D8B7F2FF-C70D-4320-BDFE-1C6E58B54456}.Debug|Any CPU.ActiveCfg = Debug|Any CPU
		{D8B7F2FF-C70D-4320-BDFE-1C6E58B54456}.Debug|Any CPU.Build.0 = Debug|Any CPU
		{D8B7F2FF-C70D-4320-BDFE-1C6E58B54456}.Release|Any CPU.ActiveCfg = Release|Any CPU
		{D8B7F2FF-C70D-4320-BDFE-1C6E58B54456}.Release|Any CPU.Build.0 = Release|Any CPU
	EndGlobalSection
	GlobalSection(SolutionProperties) = preSolution
		HideSolutionNode = FALSE
	EndGlobalSection
	GlobalSection(ExtensibilityGlobals) = postSolution
		SolutionGuid = {C56974B5-52D4-4A7C-B4A8-F8FCCF3FB599}
	EndGlobalSection
EndGlobal
